
Microsoft Visual Studio Solution File, Format Version 12.00
# Visual Studio Version 16
VisualStudioVersion = 16.0.29123.88
MinimumVisualStudioVersion = 10.0.40219.1
Project("{FAE04EC0-301F-11D3-BF4B-00C04F79EFBC}") = "Server_Chat_Room", "Server_Chat_Room\Server_Chat_Room.csproj", "{9CA84A60-E103-49C2-B8FA-269F9F43AFB8}"
EndProject
Global
	GlobalSection(SolutionConfigurationPlatforms) = preSolution
		Debug|Any CPU = Debug|Any CPU
		Release|Any CPU = Release|Any CPU
	EndGlobalSection
	GlobalSection(ProjectConfigurationPlatforms) = postSolution
		{9CA84A60-E103-49C2-B8FA-269F9F43AFB8}.Debug|Any CPU.ActiveCfg = Debug|Any CPU
		{9CA84A60-E103-49C2-B8FA-269F9F43AFB8}.Debug|Any CPU.Build.0 = Debug|Any CPU
		{9CA84A60-E103-49C2-B8FA-269F9F43AFB8}.Release|Any CPU.ActiveCfg = Release|Any CPU
		{9CA84A60-E103-49C2-B8FA-269F9F43AFB8}.Release|Any CPU.Build.0 = Release|Any CPU
	EndGlobalSection
	GlobalSection(SolutionProperties) = preSolution
		HideSolutionNode = FALSE
	EndGlobalSection
	GlobalSection(ExtensibilityGlobals) = postSolution
		SolutionGuid = {0A42009E-E0A5-405D-9656-C5396AAE4AF4}
	EndGlobalSection
EndGlobal
